
Microsoft Visual Studio Solution File, Format Version 12.00
# Visual Studio Version 16
VisualStudioVersion = 16.0.36227.6
MinimumVisualStudioVersion = 10.0.40219.1
Project("{FAE04EC0-301F-11D3-BF4B-00C04F79EFBC}") = "Cajero Automatico01", "Cajero Automatico01\Cajero Automatico01.csproj", "{A366F8BF-FC76-4001-8F59-15138B52079D}"
EndProject
Global
	GlobalSection(SolutionConfigurationPlatforms) = preSolution
		Debug|Any CPU = Debug|Any CPU
		Release|Any CPU = Release|Any CPU
	EndGlobalSection
	GlobalSection(ProjectConfigurationPlatforms) = postSolution
		{A366F8BF-FC76-4001-8F59-15138B52079D}.Debug|Any CPU.ActiveCfg = Debug|Any CPU
		{A366F8BF-FC76-4001-8F59-15138B52079D}.Debug|Any CPU.Build.0 = Debug|Any CPU
		{A366F8BF-FC76-4001-8F59-15138B52079D}.Release|Any CPU.ActiveCfg = Release|Any CPU
		{A366F8BF-FC76-4001-8F59-15138B52079D}.Release|Any CPU.Build.0 = Release|Any CPU
	EndGlobalSection
	GlobalSection(SolutionProperties) = preSolution
		HideSolutionNode = FALSE
	EndGlobalSection
	GlobalSection(ExtensibilityGlobals) = postSolution
		SolutionGuid = {D3CFF6E5-5F3F-48A4-A774-3092E9289FF5}
	EndGlobalSection
EndGlobal
